
Microsoft Visual Studio Solution File, Format Version 12.00
# Visual Studio Version 17
VisualStudioVersion = 17.11.35222.181
MinimumVisualStudioVersion = 10.0.40219.1
Project("{2150E333-8FDC-42A3-9474-1A3956D46DE8}") = "src", "src", "{4940E07E-961A-42F0-BE8C-71C981DCA94E}"
EndProject
Project("{2150E333-8FDC-42A3-9474-1A3956D46DE8}") = "tests", "tests", "{185EFFF3-3D17-40D6-A9B6-198125FF98C3}"
EndProject
Project("{9A19103F-16F7-4668-BE54-9A1E7A4F7556}") = "NetDocuments.GameOfLife.Domain", "src\NetDocuments.GameOfLife.Domain\NetDocuments.GameOfLife.Domain.csproj", "{744354EF-A3AA-4C05-BC9E-1D6CADFF9BE7}"
EndProject
Project("{9A19103F-16F7-4668-BE54-9A1E7A4F7556}") = "NetDocuments.GameOfLife.Infrastructure", "src\NetDocuments.GameOfLife.Infrastructure\NetDocuments.GameOfLife.Infrastructure.csproj", "{339D616B-648A-4529-B035-E26BC946B8D4}"
EndProject
Project("{9A19103F-16F7-4668-BE54-9A1E7A4F7556}") = "NetDocuments.GameOfLife.Application", "src\NetDocuments.GameOfLife.Application\NetDocuments.GameOfLife.Application.csproj", "{E2BD0F1B-C08A-4DB5-AE15-8AC6696F2C54}"
EndProject
Project("{9A19103F-16F7-4668-BE54-9A1E7A4F7556}") = "NetDocuments.GameOfLife.Api", "src\NetDocuments.GameOfLife.Api\NetDocuments.GameOfLife.Api.csproj", "{A503734C-9161-4F76-A449-7FE9DA179484}"
EndProject
Project("{2150E333-8FDC-42A3-9474-1A3956D46DE8}") = "docs", "docs", "{0A00B780-5CD0-43D0-BD01-0951188B99C8}"
	ProjectSection(SolutionItems) = preProject
		README.md = README.md
	EndProjectSection
EndProject
Project("{FAE04EC0-301F-11D3-BF4B-00C04F79EFBC}") = "NetDocuments.GameOfLife.IntegrationTests", "tests\NetDocuments.GameOfLife.IntegrationTests\NetDocuments.GameOfLife.IntegrationTests.csproj", "{AD059918-8032-4E65-A536-7451AC039872}"
EndProject
Project("{FAE04EC0-301F-11D3-BF4B-00C04F79EFBC}") = "NetDocuments.GameOfLife.UnitTests", "tests\NetDocuments.GameOfLife.UnitTests\NetDocuments.GameOfLife.UnitTests.csproj", "{7F07D02E-1AC8-49D0-BE9C-0F8AE58E0B68}"
EndProject
Global
	GlobalSection(SolutionConfigurationPlatforms) = preSolution
		Debug|Any CPU = Debug|Any CPU
		Release|Any CPU = Release|Any CPU
	EndGlobalSection
	GlobalSection(ProjectConfigurationPlatforms) = postSolution
		{744354EF-A3AA-4C05-BC9E-1D6CADFF9BE7}.Debug|Any CPU.ActiveCfg = Debug|Any CPU
		{744354EF-A3AA-4C05-BC9E-1D6CADFF9BE7}.Debug|Any CPU.Build.0 = Debug|Any CPU
		{744354EF-A3AA-4C05-BC9E-1D6CADFF9BE7}.Release|Any CPU.ActiveCfg = Release|Any CPU
		{744354EF-A3AA-4C05-BC9E-1D6CADFF9BE7}.Release|Any CPU.Build.0 = Release|Any CPU
		{339D616B-648A-4529-B035-E26BC946B8D4}.Debug|Any CPU.ActiveCfg = Debug|Any CPU
		{339D616B-648A-4529-B035-E26BC946B8D4}.Debug|Any CPU.Build.0 = Debug|Any CPU
		{339D616B-648A-4529-B035-E26BC946B8D4}.Release|Any CPU.ActiveCfg = Release|Any CPU
		{339D616B-648A-4529-B035-E26BC946B8D4}.Release|Any CPU.Build.0 = Release|Any CPU
		{E2BD0F1B-C08A-4DB5-AE15-8AC6696F2C54}.Debug|Any CPU.ActiveCfg = Debug|Any CPU
		{E2BD0F1B-C08A-4DB5-AE15-8AC6696F2C54}.Debug|Any CPU.Build.0 = Debug|Any CPU
		{E2BD0F1B-C08A-4DB5-AE15-8AC6696F2C54}.Release|Any CPU.ActiveCfg = Release|Any CPU
		{E2BD0F1B-C08A-4DB5-AE15-8AC6696F2C54}.Release|Any CPU.Build.0 = Release|Any CPU
		{A503734C-9161-4F76-A449-7FE9DA179484}.Debug|Any CPU.ActiveCfg = Debug|Any CPU
		{A503734C-9161-4F76-A449-7FE9DA179484}.Debug|Any CPU.Build.0 = Debug|Any CPU
		{A503734C-9161-4F76-A449-7FE9DA179484}.Release|Any CPU.ActiveCfg = Release|Any CPU
		{A503734C-9161-4F76-A449-7FE9DA179484}.Release|Any CPU.Build.0 = Release|Any CPU
		{AD059918-8032-4E65-A536-7451AC039872}.Debug|Any CPU.ActiveCfg = Debug|Any CPU
		{AD059918-8032-4E65-A536-7451AC039872}.Debug|Any CPU.Build.0 = Debug|Any CPU
		{AD059918-8032-4E65-A536-7451AC039872}.Release|Any CPU.ActiveCfg = Release|Any CPU
		{AD059918-8032-4E65-A536-7451AC039872}.Release|Any CPU.Build.0 = Release|Any CPU
		{7F07D02E-1AC8-49D0-BE9C-0F8AE58E0B68}.Debug|Any CPU.ActiveCfg = Debug|Any CPU
		{7F07D02E-1AC8-49D0-BE9C-0F8AE58E0B68}.Debug|Any CPU.Build.0 = Debug|Any CPU
		{7F07D02E-1AC8-49D0-BE9C-0F8AE58E0B68}.Release|Any CPU.ActiveCfg = Release|Any CPU
		{7F07D02E-1AC8-49D0-BE9C-0F8AE58E0B68}.Release|Any CPU.Build.0 = Release|Any CPU
	EndGlobalSection
	GlobalSection(SolutionProperties) = preSolution
		HideSolutionNode = FALSE
	EndGlobalSection
	GlobalSection(NestedProjects) = preSolution
		{744354EF-A3AA-4C05-BC9E-1D6CADFF9BE7} = {4940E07E-961A-42F0-BE8C-71C981DCA94E}
		{339D616B-648A-4529-B035-E26BC946B8D4} = {4940E07E-961A-42F0-BE8C-71C981DCA94E}
		{E2BD0F1B-C08A-4DB5-AE15-8AC6696F2C54} = {4940E07E-961A-42F0-BE8C-71C981DCA94E}
		{A503734C-9161-4F76-A449-7FE9DA179484} = {4940E07E-961A-42F0-BE8C-71C981DCA94E}
		{AD059918-8032-4E65-A536-7451AC039872} = {185EFFF3-3D17-40D6-A9B6-198125FF98C3}
		{7F07D02E-1AC8-49D0-BE9C-0F8AE58E0B68} = {185EFFF3-3D17-40D6-A9B6-198125FF98C3}
	EndGlobalSection
	GlobalSection(ExtensibilityGlobals) = postSolution
		SolutionGuid = {92DDF8A0-9BBE-4D0F-A952-C8CF7EC38BBA}
	EndGlobalSection
EndGlobal
